{
  "nodes": {
    "flake-parts": {
      "inputs": {
        "nixpkgs-lib": "nixpkgs-lib"
      },
      "locked": {
        "lastModified": 1736143030,
        "narHash": "sha256-+hu54pAoLDEZT9pjHlqL9DNzWz0NbUn8NEAHP7PQPzU=",
        "owner": "hercules-ci",
        "repo": "flake-parts",
        "rev": "b905f6fc23a9051a6e1b741e1438dbfc0634c6de",
        "type": "github"
      },
      "original": {
        "owner": "hercules-ci",
        "repo": "flake-parts",
        "type": "github"
      }
    },
    "flake-utils": {
      "inputs": {
        "systems": "systems"
      },
      "locked": {
        "lastModified": 1731533236,
        "narHash": "sha256-l0KFg5HjrsfsO/JpG+r7fRrqm12kzFHyUHqHCVpMMbI=",
        "owner": "numtide",
        "repo": "flake-utils",
        "rev": "11707dc2f618dd54ca8739b309ec4fc024de578b",
        "type": "github"
      },
      "original": {
        "owner": "numtide",
        "repo": "flake-utils",
        "type": "github"
      }
    },
    "flocken": {
      "inputs": {
        "flake-parts": "flake-parts",
        "nixpkgs": [
          "nixpkgs"
        ],
        "systems": "systems_2"
      },
      "locked": {
        "lastModified": 1737581094,
        "narHash": "sha256-MSjyNy4zENfngnSdXQ6ef/wwACB0jfDyhy0qkI67F9A=",
        "owner": "mirkolenz",
        "repo": "flocken",
        "rev": "97921a2650cb3de20c2a5ee591b00a6d5099fc40",
        "type": "github"
      },
      "original": {
        "owner": "mirkolenz",
        "ref": "v2",
        "repo": "flocken",
        "type": "github"
      }
    },
    "gomod2nix": {
      "inputs": {
        "flake-utils": [
          "flake-utils"
        ],
        "nixpkgs": [
          "nixpkgs"
        ]
      },
      "locked": {
        "lastModified": 1763982521,
        "narHash": "sha256-ur4QIAHwgFc0vXiaxn5No/FuZicxBr2p0gmT54xZkUQ=",
        "owner": "nix-community",
        "repo": "gomod2nix",
        "rev": "02e63a239d6eabd595db56852535992c898eba72",
        "type": "github"
      },
      "original": {
        "owner": "nix-community",
        "repo": "gomod2nix",
        "type": "github"
      }
    },
    "nixpkgs": {
      "locked": {
        "lastModified": 1765779637,
        "narHash": "sha256-KJ2wa/BLSrTqDjbfyNx70ov/HdgNBCBBSQP3BIzKnv4=",
        "owner": "NixOS",
        "repo": "nixpkgs",
        "rev": "1306659b587dc277866c7b69eb97e5f07864d8c4",
        "type": "github"
      },
      "original": {
        "owner": "NixOS",
        "ref": "nixos-unstable",
        "repo": "nixpkgs",
        "type": "github"
      }
    },
    "nixpkgs-lib": {
      "locked": {
        "lastModified": 1735774519,
        "narHash": "sha256-CewEm1o2eVAnoqb6Ml+Qi9Gg/EfNAxbRx1lANGVyoLI=",
        "type": "tarball",
        "url": "https://github.com/NixOS/nixpkgs/archive/e9b51731911566bbf7e4895475a87fe06961de0b.tar.gz"
      },
      "original": {
        "type": "tarball",
        "url": "https://github.com/NixOS/nixpkgs/archive/e9b51731911566bbf7e4895475a87fe06961de0b.tar.gz"
      }
    },
    "root": {
      "inputs": {
        "flake-utils": "flake-utils",
        "flocken": "flocken",
        "gomod2nix": "gomod2nix",
        "nixpkgs": "nixpkgs"
      }
    },
    "systems": {
      "locked": {
        "lastModified": 1681028828,
        "narHash": "sha256-Vy1rq5AaRuLzOxct8nz4T6wlgyUR7zLU309k9mBC768=",
        "owner": "nix-systems",
        "repo": "default",
        "rev": "da67096a3b9bf56a91d16901293e51ba5b49a27e",
        "type": "github"
      },
      "original": {
        "owner": "nix-systems",
        "repo": "default",
        "type": "github"
      }
    },
    "systems_2": {
      "locked": {
        "lastModified": 1681028828,
        "narHash": "sha256-Vy1rq5AaRuLzOxct8nz4T6wlgyUR7zLU309k9mBC768=",
        "owner": "nix-systems",
        "repo": "default",
        "rev": "da67096a3b9bf56a91d16901293e51ba5b49a27e",
        "type": "github"
      },
      "original": {
        "owner": "nix-systems",
        "repo": "default",
        "type": "github"
      }
    }
  },
  "root": "root",
  "version": 7
}
